
Microsoft Visual Studio Solution File, Format Version 12.00
# Visual Studio Version 17
VisualStudioVersion = 17.0.31903.59
MinimumVisualStudioVersion = 10.0.40219.1
Project("{FAE04EC0-301F-11D3-BF4B-00C04F79EFBC}") = "API", "API\API.csproj", "{56650CEF-1FDC-427A-A094-B742727DD1C3}"
EndProject
Project("{FAE04EC0-301F-11D3-BF4B-00C04F79EFBC}") = "Application", "Application\Application.csproj", "{B728B34D-5AA4-43D6-9482-A139FF4ECF0D}"
EndProject
Project("{FAE04EC0-301F-11D3-BF4B-00C04F79EFBC}") = "Domain", "Domain\Domain.csproj", "{861174D5-A66C-48CD-94DB-D03C0255A716}"
EndProject
Project("{FAE04EC0-301F-11D3-BF4B-00C04F79EFBC}") = "Persistence", "Persistence\Persistence.csproj", "{2CD78B5C-6F97-41A3-B13F-D4753649CAF0}"
EndProject
Global
	GlobalSection(SolutionConfigurationPlatforms) = preSolution
		Debug|Any CPU = Debug|Any CPU
		Release|Any CPU = Release|Any CPU
	EndGlobalSection
	GlobalSection(SolutionProperties) = preSolution
		HideSolutionNode = FALSE
	EndGlobalSection
	GlobalSection(ProjectConfigurationPlatforms) = postSolution
		{56650CEF-1FDC-427A-A094-B742727DD1C3}.Debug|Any CPU.ActiveCfg = Debug|Any CPU
		{56650CEF-1FDC-427A-A094-B742727DD1C3}.Debug|Any CPU.Build.0 = Debug|Any CPU
		{56650CEF-1FDC-427A-A094-B742727DD1C3}.Release|Any CPU.ActiveCfg = Release|Any CPU
		{56650CEF-1FDC-427A-A094-B742727DD1C3}.Release|Any CPU.Build.0 = Release|Any CPU
		{B728B34D-5AA4-43D6-9482-A139FF4ECF0D}.Debug|Any CPU.ActiveCfg = Debug|Any CPU
		{B728B34D-5AA4-43D6-9482-A139FF4ECF0D}.Debug|Any CPU.Build.0 = Debug|Any CPU
		{B728B34D-5AA4-43D6-9482-A139FF4ECF0D}.Release|Any CPU.ActiveCfg = Release|Any CPU
		{B728B34D-5AA4-43D6-9482-A139FF4ECF0D}.Release|Any CPU.Build.0 = Release|Any CPU
		{861174D5-A66C-48CD-94DB-D03C0255A716}.Debug|Any CPU.ActiveCfg = Debug|Any CPU
		{861174D5-A66C-48CD-94DB-D03C0255A716}.Debug|Any CPU.Build.0 = Debug|Any CPU
		{861174D5-A66C-48CD-94DB-D03C0255A716}.Release|Any CPU.ActiveCfg = Release|Any CPU
		{861174D5-A66C-48CD-94DB-D03C0255A716}.Release|Any CPU.Build.0 = Release|Any CPU
		{2CD78B5C-6F97-41A3-B13F-D4753649CAF0}.Debug|Any CPU.ActiveCfg = Debug|Any CPU
		{2CD78B5C-6F97-41A3-B13F-D4753649CAF0}.Debug|Any CPU.Build.0 = Debug|Any CPU
		{2CD78B5C-6F97-41A3-B13F-D4753649CAF0}.Release|Any CPU.ActiveCfg = Release|Any CPU
		{2CD78B5C-6F97-41A3-B13F-D4753649CAF0}.Release|Any CPU.Build.0 = Release|Any CPU
	EndGlobalSection
EndGlobal
